
Microsoft Visual Studio Solution File, Format Version 12.00
# Visual Studio 15
Project("{FAE04EC0-301F-11D3-BF4B-00C04F79EFBC}") = "Oculus.Platform", "Oculus.Platform.csproj", "{8A84E631-65B7-71C8-5AB5-153AF5A0CB70}"
EndProject
Project("{FAE04EC0-301F-11D3-BF4B-00C04F79EFBC}") = "Unity.XR.CoreUtils", "Unity.XR.CoreUtils.csproj", "{EC37658F-9258-7428-BBA6-D3F56E3508BD}"
EndProject
Project("{FAE04EC0-301F-11D3-BF4B-00C04F79EFBC}") = "Assembly-CSharp", "Assembly-CSharp.csproj", "{10CF1794-0161-508E-6686-D96FF3FB59C2}"
EndProject
Project("{FAE04EC0-301F-11D3-BF4B-00C04F79EFBC}") = "UnityEngine.TestRunner", "UnityEngine.TestRunner.csproj", "{CFBA59F4-E8B4-FCE1-A629-9A2CBE942922}"
EndProject
Project("{FAE04EC0-301F-11D3-BF4B-00C04F79EFBC}") = "Unity.InputSystem", "Unity.InputSystem.csproj", "{76B318A4-CC8C-13E7-19E8-251C7353F87E}"
EndProject
Project("{FAE04EC0-301F-11D3-BF4B-00C04F79EFBC}") = "UnityEngine.XR.LegacyInputHelpers", "UnityEngine.XR.LegacyInputHelpers.csproj", "{F408F30C-79A2-55C2-0AA2-F81230B58F36}"
EndProject
Project("{FAE04EC0-301F-11D3-BF4B-00C04F79EFBC}") = "Oculus.Spatializer", "Oculus.Spatializer.csproj", "{AA518D8B-8C18-B35F-6B49-74ACF76C763E}"
EndProject
Project("{FAE04EC0-301F-11D3-BF4B-00C04F79EFBC}") = "Unity.Timeline", "Unity.Timeline.csproj", "{CDA6A3DF-3599-D421-9373-1EE6BBA60EE1}"
EndProject
Project("{FAE04EC0-301F-11D3-BF4B-00C04F79EFBC}") = "UnityEngine.UI", "UnityEngine.UI.csproj", "{C7002BB4-C112-3C68-26AA-A6AAAB24EDDD}"
EndProject
Project("{FAE04EC0-301F-11D3-BF4B-00C04F79EFBC}") = "Facebook.WitAI", "Facebook.WitAI.csproj", "{02DF799E-BFA9-635E-C2CC-5E7387B63B3F}"
EndProject
Project("{FAE04EC0-301F-11D3-BF4B-00C04F79EFBC}") = "Unity.TextMeshPro", "Unity.TextMeshPro.csproj", "{F7D01A1C-0CD7-3C2E-29F1-4373A7242D15}"
EndProject
Project("{FAE04EC0-301F-11D3-BF4B-00C04F79EFBC}") = "Unity.XR.Oculus", "Unity.XR.Oculus.csproj", "{A5682A3A-880E-C4B0-595A-0BC6EFC3A192}"
EndProject
Project("{FAE04EC0-301F-11D3-BF4B-00C04F79EFBC}") = "Unity.XR.Interaction.Toolkit", "Unity.XR.Interaction.Toolkit.csproj", "{02413393-EFE6-6F83-B822-ABB3C3ABAD52}"
EndProject
Project("{FAE04EC0-301F-11D3-BF4B-00C04F79EFBC}") = "Oculus.AudioManager", "Oculus.AudioManager.csproj", "{3C87981F-6C1A-B2B0-00DB-0DDE0D47BB75}"
EndProject
Project("{FAE04EC0-301F-11D3-BF4B-00C04F79EFBC}") = "Unity.XR.Management", "Unity.XR.Management.csproj", "{22BB7C9D-9A67-28E5-D911-28FFE457F67F}"
EndProject
Project("{FAE04EC0-301F-11D3-BF4B-00C04F79EFBC}") = "Oculus.VR", "Oculus.VR.csproj", "{1B098FA7-761C-9818-40DE-CD9547868807}"
EndProject
Project("{FAE04EC0-301F-11D3-BF4B-00C04F79EFBC}") = "VoiceSDK.Runtime", "VoiceSDK.Runtime.csproj", "{9EDE4D2C-A6AC-F931-EAC3-22B69337EBF2}"
EndProject
Project("{FAE04EC0-301F-11D3-BF4B-00C04F79EFBC}") = "AssistantCoreSDKRuntime", "AssistantCoreSDKRuntime.csproj", "{DCD155C3-B205-F7DE-86FD-D850B16805DB}"
EndProject
Project("{FAE04EC0-301F-11D3-BF4B-00C04F79EFBC}") = "Oculus.LipSync", "Oculus.LipSync.csproj", "{2366C248-0AB8-A5A9-5B21-F5FA5207948C}"
EndProject
Project("{FAE04EC0-301F-11D3-BF4B-00C04F79EFBC}") = "Unity.Subsystem.Registration", "Unity.Subsystem.Registration.csproj", "{6D68887D-5829-479C-B10B-CB7172E0D7B0}"
EndProject
Project("{FAE04EC0-301F-11D3-BF4B-00C04F79EFBC}") = "UnityEngine.SpatialTracking", "UnityEngine.SpatialTracking.csproj", "{FD1E0106-8427-E17E-B6F7-CA79F7B35420}"
EndProject
Project("{FAE04EC0-301F-11D3-BF4B-00C04F79EFBC}") = "VoiceSDK.Editor", "VoiceSDK.Editor.csproj", "{941947EE-755B-8DB9-8D99-C990D11A8766}"
EndProject
Project("{FAE04EC0-301F-11D3-BF4B-00C04F79EFBC}") = "Unity.XR.Management.Editor", "Unity.XR.Management.Editor.csproj", "{E45851C5-3300-645F-183F-69AC99D83223}"
EndProject
Project("{FAE04EC0-301F-11D3-BF4B-00C04F79EFBC}") = "UnityEditor.TestRunner", "UnityEditor.TestRunner.csproj", "{1403CCC5-EF1E-F6A4-8C85-D1165C5ED7C9}"
EndProject
Project("{FAE04EC0-301F-11D3-BF4B-00C04F79EFBC}") = "Oculus.Platform.Editor", "Oculus.Platform.Editor.csproj", "{27195148-86D4-B915-3288-7A14BC9BD833}"
EndProject
Project("{FAE04EC0-301F-11D3-BF4B-00C04F79EFBC}") = "Unity.CollabProxy.Editor", "Unity.CollabProxy.Editor.csproj", "{C7350943-CB88-4C36-7375-7AA1FBBA5953}"
EndProject
Project("{FAE04EC0-301F-11D3-BF4B-00C04F79EFBC}") = "UnityEditor.UI", "UnityEditor.UI.csproj", "{F2E29E74-235A-987C-4E5B-4F632E2BA381}"
EndProject
Project("{FAE04EC0-301F-11D3-BF4B-00C04F79EFBC}") = "Unity.Timeline.Editor", "Unity.Timeline.Editor.csproj", "{7A5912A9-8517-7520-A4FB-CB73013BBA6E}"
EndProject
Project("{FAE04EC0-301F-11D3-BF4B-00C04F79EFBC}") = "Unity.VisualStudio.Editor", "Unity.VisualStudio.Editor.csproj", "{FED8F9F1-779B-421D-9DC4-0E3DD66CAD44}"
EndProject
Project("{FAE04EC0-301F-11D3-BF4B-00C04F79EFBC}") = "Unity.PlasticSCM.Editor", "Unity.PlasticSCM.Editor.csproj", "{1E0DB711-F34A-FB6C-1499-7E5AC4747005}"
EndProject
Project("{FAE04EC0-301F-11D3-BF4B-00C04F79EFBC}") = "Unity.XR.Interaction.Toolkit.Editor", "Unity.XR.Interaction.Toolkit.Editor.csproj", "{51CE5C76-B6C7-D735-8873-5F2DFD992BE6}"
EndProject
Project("{FAE04EC0-301F-11D3-BF4B-00C04F79EFBC}") = "Oculus.AudioManager.Audio.Editor", "Oculus.AudioManager.Audio.Editor.csproj", "{EB686A10-EC92-8F19-401A-ACFBBDB0A9FB}"
EndProject
Project("{FAE04EC0-301F-11D3-BF4B-00C04F79EFBC}") = "Unity.TextMeshPro.Editor", "Unity.TextMeshPro.Editor.csproj", "{938218CB-80A2-006C-807A-7B0DE96AF64A}"
EndProject
Project("{FAE04EC0-301F-11D3-BF4B-00C04F79EFBC}") = "Unity.Rider.Editor", "Unity.Rider.Editor.csproj", "{03C298AF-C3C7-288F-1202-623518E74417}"
EndProject
Project("{FAE04EC0-301F-11D3-BF4B-00C04F79EFBC}") = "Unity.XR.CoreUtils.Editor", "Unity.XR.CoreUtils.Editor.csproj", "{39105065-F005-B8B9-1A72-3A726A9D2617}"
EndProject
Project("{FAE04EC0-301F-11D3-BF4B-00C04F79EFBC}") = "Oculus.VR.Scripts.Editor", "Oculus.VR.Scripts.Editor.csproj", "{041CF588-D24D-0CE8-DD27-7E2E398CF1E1}"
EndProject
Project("{FAE04EC0-301F-11D3-BF4B-00C04F79EFBC}") = "Facebook.Wit.Editor", "Facebook.Wit.Editor.csproj", "{80B6C21C-5D69-7703-CF92-83023B1A4B14}"
EndProject
Project("{FAE04EC0-301F-11D3-BF4B-00C04F79EFBC}") = "Oculus.Spatializer.Editor", "Oculus.Spatializer.Editor.csproj", "{DBF64E35-B134-462C-BD06-CB94828EE050}"
EndProject
Project("{FAE04EC0-301F-11D3-BF4B-00C04F79EFBC}") = "Oculus.VR.Editor", "Oculus.VR.Editor.csproj", "{4B61136A-A93C-4CAC-D541-CECD960EF2C7}"
EndProject
Project("{FAE04EC0-301F-11D3-BF4B-00C04F79EFBC}") = "UnityEditor.XR.LegacyInputHelpers", "UnityEditor.XR.LegacyInputHelpers.csproj", "{2074C1D1-BEBA-7EBB-7059-E0FE23E77A7A}"
EndProject
Project("{FAE04EC0-301F-11D3-BF4B-00C04F79EFBC}") = "Oculus.LipSync.Editor", "Oculus.LipSync.Editor.csproj", "{442D7B93-6021-7304-489F-3E33DC47CFA4}"
EndProject
Project("{FAE04EC0-301F-11D3-BF4B-00C04F79EFBC}") = "Unity.VSCode.Editor", "Unity.VSCode.Editor.csproj", "{8E4578EF-2FD2-4F21-C37C-F5A7C6346FF4}"
EndProject
Project("{FAE04EC0-301F-11D3-BF4B-00C04F79EFBC}") = "Assembly-CSharp-Editor", "Assembly-CSharp-Editor.csproj", "{73468723-0919-8DD2-73F1-171F9FE28F4C}"
EndProject
Project("{FAE04EC0-301F-11D3-BF4B-00C04F79EFBC}") = "UnityEditor.SpatialTracking", "UnityEditor.SpatialTracking.csproj", "{0FA72534-F46F-6C54-9475-B8B86F44F5BF}"
EndProject
Project("{FAE04EC0-301F-11D3-BF4B-00C04F79EFBC}") = "AssistantCoreSDKEditor", "AssistantCoreSDKEditor.csproj", "{9D064B6B-13C5-2496-DD2C-F7BEE67184D8}"
EndProject
Project("{FAE04EC0-301F-11D3-BF4B-00C04F79EFBC}") = "Unity.XR.Oculus.Editor", "Unity.XR.Oculus.Editor.csproj", "{A512F941-0398-2FED-6FAB-FA718D0504B0}"
EndProject
Project("{FAE04EC0-301F-11D3-BF4B-00C04F79EFBC}") = "Oculus.AudioManager.Utils.Editor", "Oculus.AudioManager.Utils.Editor.csproj", "{3A09F70E-18A8-E8FC-70C6-F98587128AA9}"
EndProject
Project("{FAE04EC0-301F-11D3-BF4B-00C04F79EFBC}") = "Oculus.Platform", "Oculus.Platform.Player.csproj", "{4092BBD4-3462-4515-2D65-18EFE5A6093D}"
EndProject
Project("{FAE04EC0-301F-11D3-BF4B-00C04F79EFBC}") = "Unity.XR.CoreUtils", "Unity.XR.CoreUtils.Player.csproj", "{92C5DB25-48F0-3111-89F5-1E6C9ED66E72}"
EndProject
Project("{FAE04EC0-301F-11D3-BF4B-00C04F79EFBC}") = "Assembly-CSharp", "Assembly-CSharp.Player.csproj", "{85B5684A-B4B5-D3E8-67F2-FB1665454CE9}"
EndProject
Project("{FAE04EC0-301F-11D3-BF4B-00C04F79EFBC}") = "UnityEngine.TestRunner", "UnityEngine.TestRunner.Player.csproj", "{F4D237D3-01DD-3FFD-88B8-AED92AA02CD2}"
EndProject
Project("{FAE04EC0-301F-11D3-BF4B-00C04F79EFBC}") = "Unity.InputSystem", "Unity.InputSystem.Player.csproj", "{C751315A-31D2-230E-01CF-B088BB48E26E}"
EndProject
Project("{FAE04EC0-301F-11D3-BF4B-00C04F79EFBC}") = "UnityEngine.XR.LegacyInputHelpers", "UnityEngine.XR.LegacyInputHelpers.Player.csproj", "{87F5952D-F148-A04E-8DA8-71B46D252245}"
EndProject
Project("{FAE04EC0-301F-11D3-BF4B-00C04F79EFBC}") = "Oculus.Spatializer", "Oculus.Spatializer.Player.csproj", "{B0462B23-EF62-0D6D-0620-3B1D1A812A20}"
EndProject
Project("{FAE04EC0-301F-11D3-BF4B-00C04F79EFBC}") = "Unity.Timeline", "Unity.Timeline.Player.csproj", "{7713F650-1605-3655-579E-0EC2563B1ADE}"
EndProject
Project("{FAE04EC0-301F-11D3-BF4B-00C04F79EFBC}") = "UnityEngine.UI", "UnityEngine.UI.Player.csproj", "{E6A281EB-7996-2BE3-6F68-6D7622F59B61}"
EndProject
Project("{FAE04EC0-301F-11D3-BF4B-00C04F79EFBC}") = "Facebook.WitAI", "Facebook.WitAI.Player.csproj", "{ABA998FF-13E3-3EEC-87F9-42E77AC2EA78}"
EndProject
Project("{FAE04EC0-301F-11D3-BF4B-00C04F79EFBC}") = "Unity.TextMeshPro", "Unity.TextMeshPro.Player.csproj", "{D9F95753-9ACB-A69C-3AFF-65F585357299}"
EndProject
Project("{FAE04EC0-301F-11D3-BF4B-00C04F79EFBC}") = "Unity.XR.Oculus", "Unity.XR.Oculus.Player.csproj", "{0CCF23EB-B60C-1455-2E49-9B4276B39E63}"
EndProject
Project("{FAE04EC0-301F-11D3-BF4B-00C04F79EFBC}") = "Unity.XR.Interaction.Toolkit", "Unity.XR.Interaction.Toolkit.Player.csproj", "{10DED962-F526-985E-87D6-7AA88BEE546F}"
EndProject
Project("{FAE04EC0-301F-11D3-BF4B-00C04F79EFBC}") = "Oculus.AudioManager", "Oculus.AudioManager.Player.csproj", "{3B02D969-FDD6-F109-1ECF-92732976ABAC}"
EndProject
Project("{FAE04EC0-301F-11D3-BF4B-00C04F79EFBC}") = "Unity.XR.Management", "Unity.XR.Management.Player.csproj", "{0BEB903C-F403-AEEE-563A-AB9C5F6B3010}"
EndProject
Project("{FAE04EC0-301F-11D3-BF4B-00C04F79EFBC}") = "Oculus.VR", "Oculus.VR.Player.csproj", "{2991DFCC-0E97-250B-B4EF-DB8C8EB54923}"
EndProject
Project("{FAE04EC0-301F-11D3-BF4B-00C04F79EFBC}") = "VoiceSDK.Runtime", "VoiceSDK.Runtime.Player.csproj", "{BA654A8A-19D0-CB0D-7197-D7EDB5B30415}"
EndProject
Project("{FAE04EC0-301F-11D3-BF4B-00C04F79EFBC}") = "AssistantCoreSDKRuntime", "AssistantCoreSDKRuntime.Player.csproj", "{FFF07909-1392-899D-B5D7-18E71B9F9A44}"
EndProject
Project("{FAE04EC0-301F-11D3-BF4B-00C04F79EFBC}") = "Oculus.LipSync", "Oculus.LipSync.Player.csproj", "{E9ED6A31-9A4D-89D2-A9A6-F97C15CC632D}"
EndProject
Project("{FAE04EC0-301F-11D3-BF4B-00C04F79EFBC}") = "Unity.Subsystem.Registration", "Unity.Subsystem.Registration.Player.csproj", "{7883FABB-E6D0-FF9C-CC6F-4C22505C4830}"
EndProject
Project("{FAE04EC0-301F-11D3-BF4B-00C04F79EFBC}") = "UnityEngine.SpatialTracking", "UnityEngine.SpatialTracking.Player.csproj", "{30434F5E-C385-483B-2A66-47D33BCFA323}"
EndProject
Global
	GlobalSection(SolutionConfigurationPlatforms) = preSolution
		Debug|Any CPU = Debug|Any CPU
		Release|Any CPU = Release|Any CPU
	EndGlobalSection
	GlobalSection(ProjectConfigurationPlatforms) = postSolution
		{8A84E631-65B7-71C8-5AB5-153AF5A0CB70}.Debug|Any CPU.ActiveCfg = Debug|Any CPU
		{8A84E631-65B7-71C8-5AB5-153AF5A0CB70}.Debug|Any CPU.Build.0 = Debug|Any CPU
		{8A84E631-65B7-71C8-5AB5-153AF5A0CB70}.Release|Any CPU.ActiveCfg = Release|Any CPU
		{8A84E631-65B7-71C8-5AB5-153AF5A0CB70}.Release|Any CPU.Build.0 = Release|Any CPU
		{EC37658F-9258-7428-BBA6-D3F56E3508BD}.Debug|Any CPU.ActiveCfg = Debug|Any CPU
		{EC37658F-9258-7428-BBA6-D3F56E3508BD}.Debug|Any CPU.Build.0 = Debug|Any CPU
		{EC37658F-9258-7428-BBA6-D3F56E3508BD}.Release|Any CPU.ActiveCfg = Release|Any CPU
		{EC37658F-9258-7428-BBA6-D3F56E3508BD}.Release|Any CPU.Build.0 = Release|Any CPU
		{10CF1794-0161-508E-6686-D96FF3FB59C2}.Debug|Any CPU.ActiveCfg = Debug|Any CPU
		{10CF1794-0161-508E-6686-D96FF3FB59C2}.Debug|Any CPU.Build.0 = Debug|Any CPU
		{10CF1794-0161-508E-6686-D96FF3FB59C2}.Release|Any CPU.ActiveCfg = Release|Any CPU
		{10CF1794-0161-508E-6686-D96FF3FB59C2}.Release|Any CPU.Build.0 = Release|Any CPU
		{CFBA59F4-E8B4-FCE1-A629-9A2CBE942922}.Debug|Any CPU.ActiveCfg = Debug|Any CPU
		{CFBA59F4-E8B4-FCE1-A629-9A2CBE942922}.Debug|Any CPU.Build.0 = Debug|Any CPU
		{CFBA59F4-E8B4-FCE1-A629-9A2CBE942922}.Release|Any CPU.ActiveCfg = Release|Any CPU
		{CFBA59F4-E8B4-FCE1-A629-9A2CBE942922}.Release|Any CPU.Build.0 = Release|Any CPU
		{76B318A4-CC8C-13E7-19E8-251C7353F87E}.Debug|Any CPU.ActiveCfg = Debug|Any CPU
		{76B318A4-CC8C-13E7-19E8-251C7353F87E}.Debug|Any CPU.Build.0 = Debug|Any CPU
		{76B318A4-CC8C-13E7-19E8-251C7353F87E}.Release|Any CPU.ActiveCfg = Release|Any CPU
		{76B318A4-CC8C-13E7-19E8-251C7353F87E}.Release|Any CPU.Build.0 = Release|Any CPU
		{F408F30C-79A2-55C2-0AA2-F81230B58F36}.Debug|Any CPU.ActiveCfg = Debug|Any CPU
		{F408F30C-79A2-55C2-0AA2-F81230B58F36}.Debug|Any CPU.Build.0 = Debug|Any CPU
		{F408F30C-79A2-55C2-0AA2-F81230B58F36}.Release|Any CPU.ActiveCfg = Release|Any CPU
		{F408F30C-79A2-55C2-0AA2-F81230B58F36}.Release|Any CPU.Build.0 = Release|Any CPU
		{AA518D8B-8C18-B35F-6B49-74ACF76C763E}.Debug|Any CPU.ActiveCfg = Debug|Any CPU
		{AA518D8B-8C18-B35F-6B49-74ACF76C763E}.Debug|Any CPU.Build.0 = Debug|Any CPU
		{AA518D8B-8C18-B35F-6B49-74ACF76C763E}.Release|Any CPU.ActiveCfg = Release|Any CPU
		{AA518D8B-8C18-B35F-6B49-74ACF76C763E}.Release|Any CPU.Build.0 = Release|Any CPU
		{CDA6A3DF-3599-D421-9373-1EE6BBA60EE1}.Debug|Any CPU.ActiveCfg = Debug|Any CPU
		{CDA6A3DF-3599-D421-9373-1EE6BBA60EE1}.Debug|Any CPU.Build.0 = Debug|Any CPU
		{CDA6A3DF-3599-D421-9373-1EE6BBA60EE1}.Release|Any CPU.ActiveCfg = Release|Any CPU
		{CDA6A3DF-3599-D421-9373-1EE6BBA60EE1}.Release|Any CPU.Build.0 = Release|Any CPU
		{C7002BB4-C112-3C68-26AA-A6AAAB24EDDD}.Debug|Any CPU.ActiveCfg = Debug|Any CPU
		{C7002BB4-C112-3C68-26AA-A6AAAB24EDDD}.Debug|Any CPU.Build.0 = Debug|Any CPU
		{C7002BB4-C112-3C68-26AA-A6AAAB24EDDD}.Release|Any CPU.ActiveCfg = Release|Any CPU
		{C7002BB4-C112-3C68-26AA-A6AAAB24EDDD}.Release|Any CPU.Build.0 = Release|Any CPU
		{02DF799E-BFA9-635E-C2CC-5E7387B63B3F}.Debug|Any CPU.ActiveCfg = Debug|Any CPU
		{02DF799E-BFA9-635E-C2CC-5E7387B63B3F}.Debug|Any CPU.Build.0 = Debug|Any CPU
		{02DF799E-BFA9-635E-C2CC-5E7387B63B3F}.Release|Any CPU.ActiveCfg = Release|Any CPU
		{02DF799E-BFA9-635E-C2CC-5E7387B63B3F}.Release|Any CPU.Build.0 = Release|Any CPU
		{F7D01A1C-0CD7-3C2E-29F1-4373A7242D15}.Debug|Any CPU.ActiveCfg = Debug|Any CPU
		{F7D01A1C-0CD7-3C2E-29F1-4373A7242D15}.Debug|Any CPU.Build.0 = Debug|Any CPU
		{F7D01A1C-0CD7-3C2E-29F1-4373A7242D15}.Release|Any CPU.ActiveCfg = Release|Any CPU
		{F7D01A1C-0CD7-3C2E-29F1-4373A7242D15}.Release|Any CPU.Build.0 = Release|Any CPU
		{A5682A3A-880E-C4B0-595A-0BC6EFC3A192}.Debug|Any CPU.ActiveCfg = Debug|Any CPU
		{A5682A3A-880E-C4B0-595A-0BC6EFC3A192}.Debug|Any CPU.Build.0 = Debug|Any CPU
		{A5682A3A-880E-C4B0-595A-0BC6EFC3A192}.Release|Any CPU.ActiveCfg = Release|Any CPU
		{A5682A3A-880E-C4B0-595A-0BC6EFC3A192}.Release|Any CPU.Build.0 = Release|Any CPU
		{02413393-EFE6-6F83-B822-ABB3C3ABAD52}.Debug|Any CPU.ActiveCfg = Debug|Any CPU
		{02413393-EFE6-6F83-B822-ABB3C3ABAD52}.Debug|Any CPU.Build.0 = Debug|Any CPU
		{02413393-EFE6-6F83-B822-ABB3C3ABAD52}.Release|Any CPU.ActiveCfg = Release|Any CPU
		{02413393-EFE6-6F83-B822-ABB3C3ABAD52}.Release|Any CPU.Build.0 = Release|Any CPU
		{3C87981F-6C1A-B2B0-00DB-0DDE0D47BB75}.Debug|Any CPU.ActiveCfg = Debug|Any CPU
		{3C87981F-6C1A-B2B0-00DB-0DDE0D47BB75}.Debug|Any CPU.Build.0 = Debug|Any CPU
		{3C87981F-6C1A-B2B0-00DB-0DDE0D47BB75}.Release|Any CPU.ActiveCfg = Release|Any CPU
		{3C87981F-6C1A-B2B0-00DB-0DDE0D47BB75}.Release|Any CPU.Build.0 = Release|Any CPU
		{22BB7C9D-9A67-28E5-D911-28FFE457F67F}.Debug|Any CPU.ActiveCfg = Debug|Any CPU
		{22BB7C9D-9A67-28E5-D911-28FFE457F67F}.Debug|Any CPU.Build.0 = Debug|Any CPU
		{22BB7C9D-9A67-28E5-D911-28FFE457F67F}.Release|Any CPU.ActiveCfg = Release|Any CPU
		{22BB7C9D-9A67-28E5-D911-28FFE457F67F}.Release|Any CPU.Build.0 = Release|Any CPU
		{1B098FA7-761C-9818-40DE-CD9547868807}.Debug|Any CPU.ActiveCfg = Debug|Any CPU
		{1B098FA7-761C-9818-40DE-CD9547868807}.Debug|Any CPU.Build.0 = Debug|Any CPU
		{1B098FA7-761C-9818-40DE-CD9547868807}.Release|Any CPU.ActiveCfg = Release|Any CPU
		{1B098FA7-761C-9818-40DE-CD9547868807}.Release|Any CPU.Build.0 = Release|Any CPU
		{9EDE4D2C-A6AC-F931-EAC3-22B69337EBF2}.Debug|Any CPU.ActiveCfg = Debug|Any CPU
		{9EDE4D2C-A6AC-F931-EAC3-22B69337EBF2}.Debug|Any CPU.Build.0 = Debug|Any CPU
		{9EDE4D2C-A6AC-F931-EAC3-22B69337EBF2}.Release|Any CPU.ActiveCfg = Release|Any CPU
		{9EDE4D2C-A6AC-F931-EAC3-22B69337EBF2}.Release|Any CPU.Build.0 = Release|Any CPU
		{DCD155C3-B205-F7DE-86FD-D850B16805DB}.Debug|Any CPU.ActiveCfg = Debug|Any CPU
		{DCD155C3-B205-F7DE-86FD-D850B16805DB}.Debug|Any CPU.Build.0 = Debug|Any CPU
		{DCD155C3-B205-F7DE-86FD-D850B16805DB}.Release|Any CPU.ActiveCfg = Release|Any CPU
		{DCD155C3-B205-F7DE-86FD-D850B16805DB}.Release|Any CPU.Build.0 = Release|Any CPU
		{2366C248-0AB8-A5A9-5B21-F5FA5207948C}.Debug|Any CPU.ActiveCfg = Debug|Any CPU
		{2366C248-0AB8-A5A9-5B21-F5FA5207948C}.Debug|Any CPU.Build.0 = Debug|Any CPU
		{2366C248-0AB8-A5A9-5B21-F5FA5207948C}.Release|Any CPU.ActiveCfg = Release|Any CPU
		{2366C248-0AB8-A5A9-5B21-F5FA5207948C}.Release|Any CPU.Build.0 = Release|Any CPU
		{6D68887D-5829-479C-B10B-CB7172E0D7B0}.Debug|Any CPU.ActiveCfg = Debug|Any CPU
		{6D68887D-5829-479C-B10B-CB7172E0D7B0}.Debug|Any CPU.Build.0 = Debug|Any CPU
		{6D68887D-5829-479C-B10B-CB7172E0D7B0}.Release|Any CPU.ActiveCfg = Release|Any CPU
		{6D68887D-5829-479C-B10B-CB7172E0D7B0}.Release|Any CPU.Build.0 = Release|Any CPU
		{FD1E0106-8427-E17E-B6F7-CA79F7B35420}.Debug|Any CPU.ActiveCfg = Debug|Any CPU
		{FD1E0106-8427-E17E-B6F7-CA79F7B35420}.Debug|Any CPU.Build.0 = Debug|Any CPU
		{FD1E0106-8427-E17E-B6F7-CA79F7B35420}.Release|Any CPU.ActiveCfg = Release|Any CPU
		{FD1E0106-8427-E17E-B6F7-CA79F7B35420}.Release|Any CPU.Build.0 = Release|Any CPU
		{941947EE-755B-8DB9-8D99-C990D11A8766}.Debug|Any CPU.ActiveCfg = Debug|Any CPU
		{941947EE-755B-8DB9-8D99-C990D11A8766}.Debug|Any CPU.Build.0 = Debug|Any CPU
		{941947EE-755B-8DB9-8D99-C990D11A8766}.Release|Any CPU.ActiveCfg = Release|Any CPU
		{941947EE-755B-8DB9-8D99-C990D11A8766}.Release|Any CPU.Build.0 = Release|Any CPU
		{E45851C5-3300-645F-183F-69AC99D83223}.Debug|Any CPU.ActiveCfg = Debug|Any CPU
		{E45851C5-3300-645F-183F-69AC99D83223}.Debug|Any CPU.Build.0 = Debug|Any CPU
		{E45851C5-3300-645F-183F-69AC99D83223}.Release|Any CPU.ActiveCfg = Release|Any CPU
		{E45851C5-3300-645F-183F-69AC99D83223}.Release|Any CPU.Build.0 = Release|Any CPU
		{1403CCC5-EF1E-F6A4-8C85-D1165C5ED7C9}.Debug|Any CPU.ActiveCfg = Debug|Any CPU
		{1403CCC5-EF1E-F6A4-8C85-D1165C5ED7C9}.Debug|Any CPU.Build.0 = Debug|Any CPU
		{1403CCC5-EF1E-F6A4-8C85-D1165C5ED7C9}.Release|Any CPU.ActiveCfg = Release|Any CPU
		{1403CCC5-EF1E-F6A4-8C85-D1165C5ED7C9}.Release|Any CPU.Build.0 = Release|Any CPU
		{27195148-86D4-B915-3288-7A14BC9BD833}.Debug|Any CPU.ActiveCfg = Debug|Any CPU
		{27195148-86D4-B915-3288-7A14BC9BD833}.Debug|Any CPU.Build.0 = Debug|Any CPU
		{27195148-86D4-B915-3288-7A14BC9BD833}.Release|Any CPU.ActiveCfg = Release|Any CPU
		{27195148-86D4-B915-3288-7A14BC9BD833}.Release|Any CPU.Build.0 = Release|Any CPU
		{C7350943-CB88-4C36-7375-7AA1FBBA5953}.Debug|Any CPU.ActiveCfg = Debug|Any CPU
		{C7350943-CB88-4C36-7375-7AA1FBBA5953}.Debug|Any CPU.Build.0 = Debug|Any CPU
		{C7350943-CB88-4C36-7375-7AA1FBBA5953}.Release|Any CPU.ActiveCfg = Release|Any CPU
		{C7350943-CB88-4C36-7375-7AA1FBBA5953}.Release|Any CPU.Build.0 = Release|Any CPU
		{F2E29E74-235A-987C-4E5B-4F632E2BA381}.Debug|Any CPU.ActiveCfg = Debug|Any CPU
		{F2E29E74-235A-987C-4E5B-4F632E2BA381}.Debug|Any CPU.Build.0 = Debug|Any CPU
		{F2E29E74-235A-987C-4E5B-4F632E2BA381}.Release|Any CPU.ActiveCfg = Release|Any CPU
		{F2E29E74-235A-987C-4E5B-4F632E2BA381}.Release|Any CPU.Build.0 = Release|Any CPU
		{7A5912A9-8517-7520-A4FB-CB73013BBA6E}.Debug|Any CPU.ActiveCfg = Debug|Any CPU
		{7A5912A9-8517-7520-A4FB-CB73013BBA6E}.Debug|Any CPU.Build.0 = Debug|Any CPU
		{7A5912A9-8517-7520-A4FB-CB73013BBA6E}.Release|Any CPU.ActiveCfg = Release|Any CPU
		{7A5912A9-8517-7520-A4FB-CB73013BBA6E}.Release|Any CPU.Build.0 = Release|Any CPU
		{FED8F9F1-779B-421D-9DC4-0E3DD66CAD44}.Debug|Any CPU.ActiveCfg = Debug|Any CPU
		{FED8F9F1-779B-421D-9DC4-0E3DD66CAD44}.Debug|Any CPU.Build.0 = Debug|Any CPU
		{FED8F9F1-779B-421D-9DC4-0E3DD66CAD44}.Release|Any CPU.ActiveCfg = Release|Any CPU
		{FED8F9F1-779B-421D-9DC4-0E3DD66CAD44}.Release|Any CPU.Build.0 = Release|Any CPU
		{1E0DB711-F34A-FB6C-1499-7E5AC4747005}.Debug|Any CPU.ActiveCfg = Debug|Any CPU
		{1E0DB711-F34A-FB6C-1499-7E5AC4747005}.Debug|Any CPU.Build.0 = Debug|Any CPU
		{1E0DB711-F34A-FB6C-1499-7E5AC4747005}.Release|Any CPU.ActiveCfg = Release|Any CPU
		{1E0DB711-F34A-FB6C-1499-7E5AC4747005}.Release|Any CPU.Build.0 = Release|Any CPU
		{51CE5C76-B6C7-D735-8873-5F2DFD992BE6}.Debug|Any CPU.ActiveCfg = Debug|Any CPU
		{51CE5C76-B6C7-D735-8873-5F2DFD992BE6}.Debug|Any CPU.Build.0 = Debug|Any CPU
		{51CE5C76-B6C7-D735-8873-5F2DFD992BE6}.Release|Any CPU.ActiveCfg = Release|Any CPU
		{51CE5C76-B6C7-D735-8873-5F2DFD992BE6}.Release|Any CPU.Build.0 = Release|Any CPU
		{EB686A10-EC92-8F19-401A-ACFBBDB0A9FB}.Debug|Any CPU.ActiveCfg = Debug|Any CPU
		{EB686A10-EC92-8F19-401A-ACFBBDB0A9FB}.Debug|Any CPU.Build.0 = Debug|Any CPU
		{EB686A10-EC92-8F19-401A-ACFBBDB0A9FB}.Release|Any CPU.ActiveCfg = Release|Any CPU
		{EB686A10-EC92-8F19-401A-ACFBBDB0A9FB}.Release|Any CPU.Build.0 = Release|Any CPU
		{938218CB-80A2-006C-807A-7B0DE96AF64A}.Debug|Any CPU.ActiveCfg = Debug|Any CPU
		{938218CB-80A2-006C-807A-7B0DE96AF64A}.Debug|Any CPU.Build.0 = Debug|Any CPU
		{938218CB-80A2-006C-807A-7B0DE96AF64A}.Release|Any CPU.ActiveCfg = Release|Any CPU
		{938218CB-80A2-006C-807A-7B0DE96AF64A}.Release|Any CPU.Build.0 = Release|Any CPU
		{03C298AF-C3C7-288F-1202-623518E74417}.Debug|Any CPU.ActiveCfg = Debug|Any CPU
		{03C298AF-C3C7-288F-1202-623518E74417}.Debug|Any CPU.Build.0 = Debug|Any CPU
		{03C298AF-C3C7-288F-1202-623518E74417}.Release|Any CPU.ActiveCfg = Release|Any CPU
		{03C298AF-C3C7-288F-1202-623518E74417}.Release|Any CPU.Build.0 = Release|Any CPU
		{39105065-F005-B8B9-1A72-3A726A9D2617}.Debug|Any CPU.ActiveCfg = Debug|Any CPU
		{39105065-F005-B8B9-1A72-3A726A9D2617}.Debug|Any CPU.Build.0 = Debug|Any CPU
		{39105065-F005-B8B9-1A72-3A726A9D2617}.Release|Any CPU.ActiveCfg = Release|Any CPU
		{39105065-F005-B8B9-1A72-3A726A9D2617}.Release|Any CPU.Build.0 = Release|Any CPU
		{041CF588-D24D-0CE8-DD27-7E2E398CF1E1}.Debug|Any CPU.ActiveCfg = Debug|Any CPU
		{041CF588-D24D-0CE8-DD27-7E2E398CF1E1}.Debug|Any CPU.Build.0 = Debug|Any CPU
		{041CF588-D24D-0CE8-DD27-7E2E398CF1E1}.Release|Any CPU.ActiveCfg = Release|Any CPU
		{041CF588-D24D-0CE8-DD27-7E2E398CF1E1}.Release|Any CPU.Build.0 = Release|Any CPU
		{80B6C21C-5D69-7703-CF92-83023B1A4B14}.Debug|Any CPU.ActiveCfg = Debug|Any CPU
		{80B6C21C-5D69-7703-CF92-83023B1A4B14}.Debug|Any CPU.Build.0 = Debug|Any CPU
		{80B6C21C-5D69-7703-CF92-83023B1A4B14}.Release|Any CPU.ActiveCfg = Release|Any CPU
		{80B6C21C-5D69-7703-CF92-83023B1A4B14}.Release|Any CPU.Build.0 = Release|Any CPU
		{DBF64E35-B134-462C-BD06-CB94828EE050}.Debug|Any CPU.ActiveCfg = Debug|Any CPU
		{DBF64E35-B134-462C-BD06-CB94828EE050}.Debug|Any CPU.Build.0 = Debug|Any CPU
		{DBF64E35-B134-462C-BD06-CB94828EE050}.Release|Any CPU.ActiveCfg = Release|Any CPU
		{DBF64E35-B134-462C-BD06-CB94828EE050}.Release|Any CPU.Build.0 = Release|Any CPU
		{4B61136A-A93C-4CAC-D541-CECD960EF2C7}.Debug|Any CPU.ActiveCfg = Debug|Any CPU
		{4B61136A-A93C-4CAC-D541-CECD960EF2C7}.Debug|Any CPU.Build.0 = Debug|Any CPU
		{4B61136A-A93C-4CAC-D541-CECD960EF2C7}.Release|Any CPU.ActiveCfg = Release|Any CPU
		{4B61136A-A93C-4CAC-D541-CECD960EF2C7}.Release|Any CPU.Build.0 = Release|Any CPU
		{2074C1D1-BEBA-7EBB-7059-E0FE23E77A7A}.Debug|Any CPU.ActiveCfg = Debug|Any CPU
		{2074C1D1-BEBA-7EBB-7059-E0FE23E77A7A}.Debug|Any CPU.Build.0 = Debug|Any CPU
		{2074C1D1-BEBA-7EBB-7059-E0FE23E77A7A}.Release|Any CPU.ActiveCfg = Release|Any CPU
		{2074C1D1-BEBA-7EBB-7059-E0FE23E77A7A}.Release|Any CPU.Build.0 = Release|Any CPU
		{442D7B93-6021-7304-489F-3E33DC47CFA4}.Debug|Any CPU.ActiveCfg = Debug|Any CPU
		{442D7B93-6021-7304-489F-3E33DC47CFA4}.Debug|Any CPU.Build.0 = Debug|Any CPU
		{442D7B93-6021-7304-489F-3E33DC47CFA4}.Release|Any CPU.ActiveCfg = Release|Any CPU
		{442D7B93-6021-7304-489F-3E33DC47CFA4}.Release|Any CPU.Build.0 = Release|Any CPU
		{8E4578EF-2FD2-4F21-C37C-F5A7C6346FF4}.Debug|Any CPU.ActiveCfg = Debug|Any CPU
		{8E4578EF-2FD2-4F21-C37C-F5A7C6346FF4}.Debug|Any CPU.Build.0 = Debug|Any CPU
		{8E4578EF-2FD2-4F21-C37C-F5A7C6346FF4}.Release|Any CPU.ActiveCfg = Release|Any CPU
		{8E4578EF-2FD2-4F21-C37C-F5A7C6346FF4}.Release|Any CPU.Build.0 = Release|Any CPU
		{73468723-0919-8DD2-73F1-171F9FE28F4C}.Debug|Any CPU.ActiveCfg = Debug|Any CPU
		{73468723-0919-8DD2-73F1-171F9FE28F4C}.Debug|Any CPU.Build.0 = Debug|Any CPU
		{73468723-0919-8DD2-73F1-171F9FE28F4C}.Release|Any CPU.ActiveCfg = Release|Any CPU
		{73468723-0919-8DD2-73F1-171F9FE28F4C}.Release|Any CPU.Build.0 = Release|Any CPU
		{0FA72534-F46F-6C54-9475-B8B86F44F5BF}.Debug|Any CPU.ActiveCfg = Debug|Any CPU
		{0FA72534-F46F-6C54-9475-B8B86F44F5BF}.Debug|Any CPU.Build.0 = Debug|Any CPU
		{0FA72534-F46F-6C54-9475-B8B86F44F5BF}.Release|Any CPU.ActiveCfg = Release|Any CPU
		{0FA72534-F46F-6C54-9475-B8B86F44F5BF}.Release|Any CPU.Build.0 = Release|Any CPU
		{9D064B6B-13C5-2496-DD2C-F7BEE67184D8}.Debug|Any CPU.ActiveCfg = Debug|Any CPU
		{9D064B6B-13C5-2496-DD2C-F7BEE67184D8}.Debug|Any CPU.Build.0 = Debug|Any CPU
		{9D064B6B-13C5-2496-DD2C-F7BEE67184D8}.Release|Any CPU.ActiveCfg = Release|Any CPU
		{9D064B6B-13C5-2496-DD2C-F7BEE67184D8}.Release|Any CPU.Build.0 = Release|Any CPU
		{A512F941-0398-2FED-6FAB-FA718D0504B0}.Debug|Any CPU.ActiveCfg = Debug|Any CPU
		{A512F941-0398-2FED-6FAB-FA718D0504B0}.Debug|Any CPU.Build.0 = Debug|Any CPU
		{A512F941-0398-2FED-6FAB-FA718D0504B0}.Release|Any CPU.ActiveCfg = Release|Any CPU
		{A512F941-0398-2FED-6FAB-FA718D0504B0}.Release|Any CPU.Build.0 = Release|Any CPU
		{3A09F70E-18A8-E8FC-70C6-F98587128AA9}.Debug|Any CPU.ActiveCfg = Debug|Any CPU
		{3A09F70E-18A8-E8FC-70C6-F98587128AA9}.Debug|Any CPU.Build.0 = Debug|Any CPU
		{3A09F70E-18A8-E8FC-70C6-F98587128AA9}.Release|Any CPU.ActiveCfg = Release|Any CPU
		{3A09F70E-18A8-E8FC-70C6-F98587128AA9}.Release|Any CPU.Build.0 = Release|Any CPU
		{4092BBD4-3462-4515-2D65-18EFE5A6093D}.Debug|Any CPU.ActiveCfg = Debug|Any CPU
		{4092BBD4-3462-4515-2D65-18EFE5A6093D}.Debug|Any CPU.Build.0 = Debug|Any CPU
		{4092BBD4-3462-4515-2D65-18EFE5A6093D}.Release|Any CPU.ActiveCfg = Release|Any CPU
		{4092BBD4-3462-4515-2D65-18EFE5A6093D}.Release|Any CPU.Build.0 = Release|Any CPU
		{92C5DB25-48F0-3111-89F5-1E6C9ED66E72}.Debug|Any CPU.ActiveCfg = Debug|Any CPU
		{92C5DB25-48F0-3111-89F5-1E6C9ED66E72}.Debug|Any CPU.Build.0 = Debug|Any CPU
		{92C5DB25-48F0-3111-89F5-1E6C9ED66E72}.Release|Any CPU.ActiveCfg = Release|Any CPU
		{92C5DB25-48F0-3111-89F5-1E6C9ED66E72}.Release|Any CPU.Build.0 = Release|Any CPU
		{85B5684A-B4B5-D3E8-67F2-FB1665454CE9}.Debug|Any CPU.ActiveCfg = Debug|Any CPU
		{85B5684A-B4B5-D3E8-67F2-FB1665454CE9}.Debug|Any CPU.Build.0 = Debug|Any CPU
		{85B5684A-B4B5-D3E8-67F2-FB1665454CE9}.Release|Any CPU.ActiveCfg = Release|Any CPU
		{85B5684A-B4B5-D3E8-67F2-FB1665454CE9}.Release|Any CPU.Build.0 = Release|Any CPU
		{F4D237D3-01DD-3FFD-88B8-AED92AA02CD2}.Debug|Any CPU.ActiveCfg = Debug|Any CPU
		{F4D237D3-01DD-3FFD-88B8-AED92AA02CD2}.Debug|Any CPU.Build.0 = Debug|Any CPU
		{F4D237D3-01DD-3FFD-88B8-AED92AA02CD2}.Release|Any CPU.ActiveCfg = Release|Any CPU
		{F4D237D3-01DD-3FFD-88B8-AED92AA02CD2}.Release|Any CPU.Build.0 = Release|Any CPU
		{C751315A-31D2-230E-01CF-B088BB48E26E}.Debug|Any CPU.ActiveCfg = Debug|Any CPU
		{C751315A-31D2-230E-01CF-B088BB48E26E}.Debug|Any CPU.Build.0 = Debug|Any CPU
		{C751315A-31D2-230E-01CF-B088BB48E26E}.Release|Any CPU.ActiveCfg = Release|Any CPU
		{C751315A-31D2-230E-01CF-B088BB48E26E}.Release|Any CPU.Build.0 = Release|Any CPU
		{87F5952D-F148-A04E-8DA8-71B46D252245}.Debug|Any CPU.ActiveCfg = Debug|Any CPU
		{87F5952D-F148-A04E-8DA8-71B46D252245}.Debug|Any CPU.Build.0 = Debug|Any CPU
		{87F5952D-F148-A04E-8DA8-71B46D252245}.Release|Any CPU.ActiveCfg = Release|Any CPU
		{87F5952D-F148-A04E-8DA8-71B46D252245}.Release|Any CPU.Build.0 = Release|Any CPU
		{B0462B23-EF62-0D6D-0620-3B1D1A812A20}.Debug|Any CPU.ActiveCfg = Debug|Any CPU
		{B0462B23-EF62-0D6D-0620-3B1D1A812A20}.Debug|Any CPU.Build.0 = Debug|Any CPU
		{B0462B23-EF62-0D6D-0620-3B1D1A812A20}.Release|Any CPU.ActiveCfg = Release|Any CPU
		{B0462B23-EF62-0D6D-0620-3B1D1A812A20}.Release|Any CPU.Build.0 = Release|Any CPU
		{7713F650-1605-3655-579E-0EC2563B1ADE}.Debug|Any CPU.ActiveCfg = Debug|Any CPU
		{7713F650-1605-3655-579E-0EC2563B1ADE}.Debug|Any CPU.Build.0 = Debug|Any CPU
		{7713F650-1605-3655-579E-0EC2563B1ADE}.Release|Any CPU.ActiveCfg = Release|Any CPU
		{7713F650-1605-3655-579E-0EC2563B1ADE}.Release|Any CPU.Build.0 = Release|Any CPU
		{E6A281EB-7996-2BE3-6F68-6D7622F59B61}.Debug|Any CPU.ActiveCfg = Debug|Any CPU
		{E6A281EB-7996-2BE3-6F68-6D7622F59B61}.Debug|Any CPU.Build.0 = Debug|Any CPU
		{E6A281EB-7996-2BE3-6F68-6D7622F59B61}.Release|Any CPU.ActiveCfg = Release|Any CPU
		{E6A281EB-7996-2BE3-6F68-6D7622F59B61}.Release|Any CPU.Build.0 = Release|Any CPU
		{ABA998FF-13E3-3EEC-87F9-42E77AC2EA78}.Debug|Any CPU.ActiveCfg = Debug|Any CPU
		{ABA998FF-13E3-3EEC-87F9-42E77AC2EA78}.Debug|Any CPU.Build.0 = Debug|Any CPU
		{ABA998FF-13E3-3EEC-87F9-42E77AC2EA78}.Release|Any CPU.ActiveCfg = Release|Any CPU
		{ABA998FF-13E3-3EEC-87F9-42E77AC2EA78}.Release|Any CPU.Build.0 = Release|Any CPU
		{D9F95753-9ACB-A69C-3AFF-65F585357299}.Debug|Any CPU.ActiveCfg = Debug|Any CPU
		{D9F95753-9ACB-A69C-3AFF-65F585357299}.Debug|Any CPU.Build.0 = Debug|Any CPU
		{D9F95753-9ACB-A69C-3AFF-65F585357299}.Release|Any CPU.ActiveCfg = Release|Any CPU
		{D9F95753-9ACB-A69C-3AFF-65F585357299}.Release|Any CPU.Build.0 = Release|Any CPU
		{0CCF23EB-B60C-1455-2E49-9B4276B39E63}.Debug|Any CPU.ActiveCfg = Debug|Any CPU
		{0CCF23EB-B60C-1455-2E49-9B4276B39E63}.Debug|Any CPU.Build.0 = Debug|Any CPU
		{0CCF23EB-B60C-1455-2E49-9B4276B39E63}.Release|Any CPU.ActiveCfg = Release|Any CPU
		{0CCF23EB-B60C-1455-2E49-9B4276B39E63}.Release|Any CPU.Build.0 = Release|Any CPU
		{10DED962-F526-985E-87D6-7AA88BEE546F}.Debug|Any CPU.ActiveCfg = Debug|Any CPU
		{10DED962-F526-985E-87D6-7AA88BEE546F}.Debug|Any CPU.Build.0 = Debug|Any CPU
		{10DED962-F526-985E-87D6-7AA88BEE546F}.Release|Any CPU.ActiveCfg = Release|Any CPU
		{10DED962-F526-985E-87D6-7AA88BEE546F}.Release|Any CPU.Build.0 = Release|Any CPU
		{3B02D969-FDD6-F109-1ECF-92732976ABAC}.Debug|Any CPU.ActiveCfg = Debug|Any CPU
		{3B02D969-FDD6-F109-1ECF-92732976ABAC}.Debug|Any CPU.Build.0 = Debug|Any CPU
		{3B02D969-FDD6-F109-1ECF-92732976ABAC}.Release|Any CPU.ActiveCfg = Release|Any CPU
		{3B02D969-FDD6-F109-1ECF-92732976ABAC}.Release|Any CPU.Build.0 = Release|Any CPU
		{0BEB903C-F403-AEEE-563A-AB9C5F6B3010}.Debug|Any CPU.ActiveCfg = Debug|Any CPU
		{0BEB903C-F403-AEEE-563A-AB9C5F6B3010}.Debug|Any CPU.Build.0 = Debug|Any CPU
		{0BEB903C-F403-AEEE-563A-AB9C5F6B3010}.Release|Any CPU.ActiveCfg = Release|Any CPU
		{0BEB903C-F403-AEEE-563A-AB9C5F6B3010}.Release|Any CPU.Build.0 = Release|Any CPU
		{2991DFCC-0E97-250B-B4EF-DB8C8EB54923}.Debug|Any CPU.ActiveCfg = Debug|Any CPU
		{2991DFCC-0E97-250B-B4EF-DB8C8EB54923}.Debug|Any CPU.Build.0 = Debug|Any CPU
		{2991DFCC-0E97-250B-B4EF-DB8C8EB54923}.Release|Any CPU.ActiveCfg = Release|Any CPU
		{2991DFCC-0E97-250B-B4EF-DB8C8EB54923}.Release|Any CPU.Build.0 = Release|Any CPU
		{BA654A8A-19D0-CB0D-7197-D7EDB5B30415}.Debug|Any CPU.ActiveCfg = Debug|Any CPU
		{BA654A8A-19D0-CB0D-7197-D7EDB5B30415}.Debug|Any CPU.Build.0 = Debug|Any CPU
		{BA654A8A-19D0-CB0D-7197-D7EDB5B30415}.Release|Any CPU.ActiveCfg = Release|Any CPU
		{BA654A8A-19D0-CB0D-7197-D7EDB5B30415}.Release|Any CPU.Build.0 = Release|Any CPU
		{FFF07909-1392-899D-B5D7-18E71B9F9A44}.Debug|Any CPU.ActiveCfg = Debug|Any CPU
		{FFF07909-1392-899D-B5D7-18E71B9F9A44}.Debug|Any CPU.Build.0 = Debug|Any CPU
		{FFF07909-1392-899D-B5D7-18E71B9F9A44}.Release|Any CPU.ActiveCfg = Release|Any CPU
		{FFF07909-1392-899D-B5D7-18E71B9F9A44}.Release|Any CPU.Build.0 = Release|Any CPU
		{E9ED6A31-9A4D-89D2-A9A6-F97C15CC632D}.Debug|Any CPU.ActiveCfg = Debug|Any CPU
		{E9ED6A31-9A4D-89D2-A9A6-F97C15CC632D}.Debug|Any CPU.Build.0 = Debug|Any CPU
		{E9ED6A31-9A4D-89D2-A9A6-F97C15CC632D}.Release|Any CPU.ActiveCfg = Release|Any CPU
		{E9ED6A31-9A4D-89D2-A9A6-F97C15CC632D}.Release|Any CPU.Build.0 = Release|Any CPU
		{7883FABB-E6D0-FF9C-CC6F-4C22505C4830}.Debug|Any CPU.ActiveCfg = Debug|Any CPU
		{7883FABB-E6D0-FF9C-CC6F-4C22505C4830}.Debug|Any CPU.Build.0 = Debug|Any CPU
		{7883FABB-E6D0-FF9C-CC6F-4C22505C4830}.Release|Any CPU.ActiveCfg = Release|Any CPU
		{7883FABB-E6D0-FF9C-CC6F-4C22505C4830}.Release|Any CPU.Build.0 = Release|Any CPU
		{30434F5E-C385-483B-2A66-47D33BCFA323}.Debug|Any CPU.ActiveCfg = Debug|Any CPU
		{30434F5E-C385-483B-2A66-47D33BCFA323}.Debug|Any CPU.Build.0 = Debug|Any CPU
		{30434F5E-C385-483B-2A66-47D33BCFA323}.Release|Any CPU.ActiveCfg = Release|Any CPU
		{30434F5E-C385-483B-2A66-47D33BCFA323}.Release|Any CPU.Build.0 = Release|Any CPU
	EndGlobalSection
	GlobalSection(SolutionProperties) = preSolution
		HideSolutionNode = FALSE
	EndGlobalSection
EndGlobal
